
Microsoft Visual Studio Solution File, Format Version 12.00
# Visual Studio Version 17
VisualStudioVersion = 17.7.34018.315
MinimumVisualStudioVersion = 10.0.40219.1
Project("{9A19103F-16F7-4668-BE54-9A1E7A4F7556}") = "Countries", "Countries\Countries.csproj", "{70A90F58-FA0D-453C-8B76-BD1ACE5FA800}"
EndProject
Project("{FAE04EC0-301F-11D3-BF4B-00C04F79EFBC}") = "Brackets", "Brackets\Brackets.csproj", "{C4E8FE71-ABE4-450D-B124-328848236FAE}"
EndProject
Global
	GlobalSection(SolutionConfigurationPlatforms) = preSolution
		Debug|Any CPU = Debug|Any CPU
		Debug|x64 = Debug|x64
		Debug|x86 = Debug|x86
		Release|Any CPU = Release|Any CPU
		Release|x64 = Release|x64
		Release|x86 = Release|x86
	EndGlobalSection
	GlobalSection(ProjectConfigurationPlatforms) = postSolution
		{70A90F58-FA0D-453C-8B76-BD1ACE5FA800}.Debug|Any CPU.ActiveCfg = Debug|Any CPU
		{70A90F58-FA0D-453C-8B76-BD1ACE5FA800}.Debug|Any CPU.Build.0 = Debug|Any CPU
		{70A90F58-FA0D-453C-8B76-BD1ACE5FA800}.Debug|x64.ActiveCfg = Debug|Any CPU
		{70A90F58-FA0D-453C-8B76-BD1ACE5FA800}.Debug|x64.Build.0 = Debug|Any CPU
		{70A90F58-FA0D-453C-8B76-BD1ACE5FA800}.Debug|x86.ActiveCfg = Debug|Any CPU
		{70A90F58-FA0D-453C-8B76-BD1ACE5FA800}.Debug|x86.Build.0 = Debug|Any CPU
		{70A90F58-FA0D-453C-8B76-BD1ACE5FA800}.Release|Any CPU.ActiveCfg = Release|Any CPU
		{70A90F58-FA0D-453C-8B76-BD1ACE5FA800}.Release|Any CPU.Build.0 = Release|Any CPU
		{70A90F58-FA0D-453C-8B76-BD1ACE5FA800}.Release|x64.ActiveCfg = Release|Any CPU
		{70A90F58-FA0D-453C-8B76-BD1ACE5FA800}.Release|x64.Build.0 = Release|Any CPU
		{70A90F58-FA0D-453C-8B76-BD1ACE5FA800}.Release|x86.ActiveCfg = Release|Any CPU
		{70A90F58-FA0D-453C-8B76-BD1ACE5FA800}.Release|x86.Build.0 = Release|Any CPU
		{C4E8FE71-ABE4-450D-B124-328848236FAE}.Debug|Any CPU.ActiveCfg = Debug|Any CPU
		{C4E8FE71-ABE4-450D-B124-328848236FAE}.Debug|Any CPU.Build.0 = Debug|Any CPU
		{C4E8FE71-ABE4-450D-B124-328848236FAE}.Debug|x64.ActiveCfg = Debug|Any CPU
		{C4E8FE71-ABE4-450D-B124-328848236FAE}.Debug|x64.Build.0 = Debug|Any CPU
		{C4E8FE71-ABE4-450D-B124-328848236FAE}.Debug|x86.ActiveCfg = Debug|Any CPU
		{C4E8FE71-ABE4-450D-B124-328848236FAE}.Debug|x86.Build.0 = Debug|Any CPU
		{C4E8FE71-ABE4-450D-B124-328848236FAE}.Release|Any CPU.ActiveCfg = Release|Any CPU
		{C4E8FE71-ABE4-450D-B124-328848236FAE}.Release|Any CPU.Build.0 = Release|Any CPU
		{C4E8FE71-ABE4-450D-B124-328848236FAE}.Release|x64.ActiveCfg = Release|Any CPU
		{C4E8FE71-ABE4-450D-B124-328848236FAE}.Release|x64.Build.0 = Release|Any CPU
		{C4E8FE71-ABE4-450D-B124-328848236FAE}.Release|x86.ActiveCfg = Release|Any CPU
		{C4E8FE71-ABE4-450D-B124-328848236FAE}.Release|x86.Build.0 = Release|Any CPU
	EndGlobalSection
	GlobalSection(SolutionProperties) = preSolution
		HideSolutionNode = FALSE
	EndGlobalSection
	GlobalSection(ExtensibilityGlobals) = postSolution
		SolutionGuid = {F064D40F-C86F-46C2-BF1B-50ABED7EF86F}
	EndGlobalSection
EndGlobal
